
Microsoft Visual Studio Solution File, Format Version 12.00
# Visual Studio Version 16
VisualStudioVersion = 16.0.30204.135
MinimumVisualStudioVersion = 10.0.40219.1
Project("{FAE04EC0-301F-11D3-BF4B-00C04F79EFBC}") = "event_pro", "event_pro\event_pro.csproj", "{D91EB050-0CDB-491B-A6FF-6A1584D33484}"
EndProject
Global
	GlobalSection(SolutionConfigurationPlatforms) = preSolution
		Debug|Any CPU = Debug|Any CPU
		Release|Any CPU = Release|Any CPU
	EndGlobalSection
	GlobalSection(ProjectConfigurationPlatforms) = postSolution
		{D91EB050-0CDB-491B-A6FF-6A1584D33484}.Debug|Any CPU.ActiveCfg = Debug|Any CPU
		{D91EB050-0CDB-491B-A6FF-6A1584D33484}.Debug|Any CPU.Build.0 = Debug|Any CPU
		{D91EB050-0CDB-491B-A6FF-6A1584D33484}.Release|Any CPU.ActiveCfg = Release|Any CPU
		{D91EB050-0CDB-491B-A6FF-6A1584D33484}.Release|Any CPU.Build.0 = Release|Any CPU
	EndGlobalSection
	GlobalSection(SolutionProperties) = preSolution
		HideSolutionNode = FALSE
	EndGlobalSection
	GlobalSection(ExtensibilityGlobals) = postSolution
		SolutionGuid = {96AF05F3-A16C-46A3-9356-6B6BEA04640E}
	EndGlobalSection
EndGlobal
